
Microsoft Visual Studio Solution File, Format Version 12.00
# Visual Studio Version 16
VisualStudioVersion = 16.0.30204.135
MinimumVisualStudioVersion = 10.0.40219.1
Project("{8BC9CEB8-8B4A-11D0-8D11-00A0C91BC942}") = "Excercise1-1", "Excercise1-1\Excercise1-1.vcxproj", "{F13C91DA-7022-4083-B85C-0EDDFE3B73D8}"
EndProject
Project("{8BC9CEB8-8B4A-11D0-8D11-00A0C91BC942}") = "Excercise1-2", "Excercise1-2\Excercise1-2.vcxproj", "{2137247B-B98F-4B3B-AA62-B22F3B78274B}"
EndProject
Project("{8BC9CEB8-8B4A-11D0-8D11-00A0C91BC942}") = "Excercise1-3", "Excercise1-3\Excercise1-3.vcxproj", "{886F2272-8592-443A-B77E-481716A70789}"
EndProject
Project("{8BC9CEB8-8B4A-11D0-8D11-00A0C91BC942}") = "Excercise1-4", "Excercise1-4\Excercise1-4.vcxproj", "{1A5F24BF-1291-40FA-BF62-5F93F50C0E9D}"
EndProject
Project("{8BC9CEB8-8B4A-11D0-8D11-00A0C91BC942}") = "Excercise1-5", "Excercise1-5\Excercise1-5.vcxproj", "{606326FB-5173-4DC3-A41F-758B47C74853}"
EndProject
Project("{8BC9CEB8-8B4A-11D0-8D11-00A0C91BC942}") = "Excercise1-6", "Excercise1-6\Excercise1-6.vcxproj", "{1CDF7F85-E7FB-4486-8BD4-E951D7750074}"
EndProject
Project("{8BC9CEB8-8B4A-11D0-8D11-00A0C91BC942}") = "Excercise1-7", "Excercise1-7\Excercise1-7.vcxproj", "{D8CF15C0-E7A3-403C-AE19-C92E712DB940}"
EndProject
Project("{8BC9CEB8-8B4A-11D0-8D11-00A0C91BC942}") = "Excercise1-8", "Excercise1-8\Excercise1-8.vcxproj", "{F218FA5E-D582-4686-B1B4-F93896852C43}"
EndProject
Project("{8BC9CEB8-8B4A-11D0-8D11-00A0C91BC942}") = "Excercise1-9", "Excercise1-9\Excercise1-9.vcxproj", "{8098EA36-FEB1-4956-86B5-030A67159735}"
EndProject
Project("{8BC9CEB8-8B4A-11D0-8D11-00A0C91BC942}") = "Excercise1-10", "Excercise1-10\Excercise1-10.vcxproj", "{20AB2839-D57E-463A-90AD-CB8E6030ED95}"
EndProject
Project("{8BC9CEB8-8B4A-11D0-8D11-00A0C91BC942}") = "Excercise1-11", "Excercise1-11\Excercise1-11.vcxproj", "{34BCC4DD-994D-4357-B5B1-8EE9AEEFC19A}"
EndProject
Project("{8BC9CEB8-8B4A-11D0-8D11-00A0C91BC942}") = "Excercise1-12", "Excercise1-12\Excercise1-12.vcxproj", "{E9ED54BA-C34B-4447-8852-4CFD72449C8E}"
EndProject
Project("{8BC9CEB8-8B4A-11D0-8D11-00A0C91BC942}") = "Excercise1-13", "Excercise1-13\Excercise1-13.vcxproj", "{DF4E1D7F-320D-4258-BD36-755B7B0E593C}"
EndProject
Project("{8BC9CEB8-8B4A-11D0-8D11-00A0C91BC942}") = "Excercise1-14", "Excercise1-14\Excercise1-14.vcxproj", "{39AFBCE4-7B5E-429C-9430-33DAD2BCA4C0}"
EndProject
Project("{8BC9CEB8-8B4A-11D0-8D11-00A0C91BC942}") = "Excercise1-15", "Excercise1-15\Excercise1-15.vcxproj", "{24B81C3B-3E6F-49A4-8677-A0083117FB2F}"
EndProject
Project("{8BC9CEB8-8B4A-11D0-8D11-00A0C91BC942}") = "Excercise1-16", "Excercise1-16\Excercise1-16.vcxproj", "{85DB78EA-D3E7-41FB-85FC-3B71D859F160}"
EndProject
Project("{8BC9CEB8-8B4A-11D0-8D11-00A0C91BC942}") = "Excercise1-17", "Excercise1-17\Excercise1-17.vcxproj", "{750BDEC9-CF68-4F76-86A6-78200AA53BD9}"
EndProject
Project("{8BC9CEB8-8B4A-11D0-8D11-00A0C91BC942}") = "Excercise1-18", "Excercise1-18\Excercise1-18.vcxproj", "{75499F64-7F62-422D-8EE6-AC6E4FB0E698}"
EndProject
Project("{8BC9CEB8-8B4A-11D0-8D11-00A0C91BC942}") = "Excercise1-19", "Excercise1-19\Excercise1-19.vcxproj", "{C03D9D7F-4046-4D25-BE88-F9BFE01B8556}"
EndProject
Project("{8BC9CEB8-8B4A-11D0-8D11-00A0C91BC942}") = "Excercise1-20", "Excercise1-20\Excercise1-20.vcxproj", "{0205D9A4-50AB-40E6-9EC3-98F161261D11}"
EndProject
Project("{8BC9CEB8-8B4A-11D0-8D11-00A0C91BC942}") = "Excercise1-21", "Excercise1-21\Excercise1-21.vcxproj", "{B67FB8B5-75FF-46FF-8168-4C7A871ABA66}"
EndProject
Project("{8BC9CEB8-8B4A-11D0-8D11-00A0C91BC942}") = "Excercise1-22", "Excercise1-22\Excercise1-22.vcxproj", "{C3F1A47C-BF7F-414D-8C1B-52A86E249B3E}"
EndProject
Project("{8BC9CEB8-8B4A-11D0-8D11-00A0C91BC942}") = "Excercise1-23", "Excercise1-23\Excercise1-23.vcxproj", "{1F104280-3976-4B29-9FA6-766B5F929CD6}"
EndProject
Project("{8BC9CEB8-8B4A-11D0-8D11-00A0C91BC942}") = "Excercise1-24", "Excercise1-24\Excercise1-24.vcxproj", "{96311BB0-F330-4CC9-98DB-D368E8356BD3}"
EndProject
Global
	GlobalSection(SolutionConfigurationPlatforms) = preSolution
		Debug|x64 = Debug|x64
		Debug|x86 = Debug|x86
		Release|x64 = Release|x64
		Release|x86 = Release|x86
	EndGlobalSection
	GlobalSection(ProjectConfigurationPlatforms) = postSolution
		{F13C91DA-7022-4083-B85C-0EDDFE3B73D8}.Debug|x64.ActiveCfg = Debug|x64
		{F13C91DA-7022-4083-B85C-0EDDFE3B73D8}.Debug|x64.Build.0 = Debug|x64
		{F13C91DA-7022-4083-B85C-0EDDFE3B73D8}.Debug|x86.ActiveCfg = Debug|Win32
		{F13C91DA-7022-4083-B85C-0EDDFE3B73D8}.Debug|x86.Build.0 = Debug|Win32
		{F13C91DA-7022-4083-B85C-0EDDFE3B73D8}.Release|x64.ActiveCfg = Release|x64
		{F13C91DA-7022-4083-B85C-0EDDFE3B73D8}.Release|x64.Build.0 = Release|x64
		{F13C91DA-7022-4083-B85C-0EDDFE3B73D8}.Release|x86.ActiveCfg = Release|Win32
		{F13C91DA-7022-4083-B85C-0EDDFE3B73D8}.Release|x86.Build.0 = Release|Win32
		{2137247B-B98F-4B3B-AA62-B22F3B78274B}.Debug|x64.ActiveCfg = Debug|x64
		{2137247B-B98F-4B3B-AA62-B22F3B78274B}.Debug|x64.Build.0 = Debug|x64
		{2137247B-B98F-4B3B-AA62-B22F3B78274B}.Debug|x86.ActiveCfg = Debug|Win32
		{2137247B-B98F-4B3B-AA62-B22F3B78274B}.Debug|x86.Build.0 = Debug|Win32
		{2137247B-B98F-4B3B-AA62-B22F3B78274B}.Release|x64.ActiveCfg = Release|x64
		{2137247B-B98F-4B3B-AA62-B22F3B78274B}.Release|x64.Build.0 = Release|x64
		{2137247B-B98F-4B3B-AA62-B22F3B78274B}.Release|x86.ActiveCfg = Release|Win32
		{2137247B-B98F-4B3B-AA62-B22F3B78274B}.Release|x86.Build.0 = Release|Win32
		{886F2272-8592-443A-B77E-481716A70789}.Debug|x64.ActiveCfg = Debug|x64
		{886F2272-8592-443A-B77E-481716A70789}.Debug|x64.Build.0 = Debug|x64
		{886F2272-8592-443A-B77E-481716A70789}.Debug|x86.ActiveCfg = Debug|Win32
		{886F2272-8592-443A-B77E-481716A70789}.Debug|x86.Build.0 = Debug|Win32
		{886F2272-8592-443A-B77E-481716A70789}.Release|x64.ActiveCfg = Release|x64
		{886F2272-8592-443A-B77E-481716A70789}.Release|x64.Build.0 = Release|x64
		{886F2272-8592-443A-B77E-481716A70789}.Release|x86.ActiveCfg = Release|Win32
		{886F2272-8592-443A-B77E-481716A70789}.Release|x86.Build.0 = Release|Win32
		{1A5F24BF-1291-40FA-BF62-5F93F50C0E9D}.Debug|x64.ActiveCfg = Debug|x64
		{1A5F24BF-1291-40FA-BF62-5F93F50C0E9D}.Debug|x64.Build.0 = Debug|x64
		{1A5F24BF-1291-40FA-BF62-5F93F50C0E9D}.Debug|x86.ActiveCfg = Debug|Win32
		{1A5F24BF-1291-40FA-BF62-5F93F50C0E9D}.Debug|x86.Build.0 = Debug|Win32
		{1A5F24BF-1291-40FA-BF62-5F93F50C0E9D}.Release|x64.ActiveCfg = Release|x64
		{1A5F24BF-1291-40FA-BF62-5F93F50C0E9D}.Release|x64.Build.0 = Release|x64
		{1A5F24BF-1291-40FA-BF62-5F93F50C0E9D}.Release|x86.ActiveCfg = Release|Win32
		{1A5F24BF-1291-40FA-BF62-5F93F50C0E9D}.Release|x86.Build.0 = Release|Win32
		{606326FB-5173-4DC3-A41F-758B47C74853}.Debug|x64.ActiveCfg = Debug|x64
		{606326FB-5173-4DC3-A41F-758B47C74853}.Debug|x64.Build.0 = Debug|x64
		{606326FB-5173-4DC3-A41F-758B47C74853}.Debug|x86.ActiveCfg = Debug|Win32
		{606326FB-5173-4DC3-A41F-758B47C74853}.Debug|x86.Build.0 = Debug|Win32
		{606326FB-5173-4DC3-A41F-758B47C74853}.Release|x64.ActiveCfg = Release|x64
		{606326FB-5173-4DC3-A41F-758B47C74853}.Release|x64.Build.0 = Release|x64
		{606326FB-5173-4DC3-A41F-758B47C74853}.Release|x86.ActiveCfg = Release|Win32
		{606326FB-5173-4DC3-A41F-758B47C74853}.Release|x86.Build.0 = Release|Win32
		{1CDF7F85-E7FB-4486-8BD4-E951D7750074}.Debug|x64.ActiveCfg = Debug|x64
		{1CDF7F85-E7FB-4486-8BD4-E951D7750074}.Debug|x64.Build.0 = Debug|x64
		{1CDF7F85-E7FB-4486-8BD4-E951D7750074}.Debug|x86.ActiveCfg = Debug|Win32
		{1CDF7F85-E7FB-4486-8BD4-E951D7750074}.Debug|x86.Build.0 = Debug|Win32
		{1CDF7F85-E7FB-4486-8BD4-E951D7750074}.Release|x64.ActiveCfg = Release|x64
		{1CDF7F85-E7FB-4486-8BD4-E951D7750074}.Release|x64.Build.0 = Release|x64
		{1CDF7F85-E7FB-4486-8BD4-E951D7750074}.Release|x86.ActiveCfg = Release|Win32
		{1CDF7F85-E7FB-4486-8BD4-E951D7750074}.Release|x86.Build.0 = Release|Win32
		{D8CF15C0-E7A3-403C-AE19-C92E712DB940}.Debug|x64.ActiveCfg = Debug|x64
		{D8CF15C0-E7A3-403C-AE19-C92E712DB940}.Debug|x64.Build.0 = Debug|x64
		{D8CF15C0-E7A3-403C-AE19-C92E712DB940}.Debug|x86.ActiveCfg = Debug|Win32
		{D8CF15C0-E7A3-403C-AE19-C92E712DB940}.Debug|x86.Build.0 = Debug|Win32
		{D8CF15C0-E7A3-403C-AE19-C92E712DB940}.Release|x64.ActiveCfg = Release|x64
		{D8CF15C0-E7A3-403C-AE19-C92E712DB940}.Release|x64.Build.0 = Release|x64
		{D8CF15C0-E7A3-403C-AE19-C92E712DB940}.Release|x86.ActiveCfg = Release|Win32
		{D8CF15C0-E7A3-403C-AE19-C92E712DB940}.Release|x86.Build.0 = Release|Win32
		{F218FA5E-D582-4686-B1B4-F93896852C43}.Debug|x64.ActiveCfg = Debug|x64
		{F218FA5E-D582-4686-B1B4-F93896852C43}.Debug|x64.Build.0 = Debug|x64
		{F218FA5E-D582-4686-B1B4-F93896852C43}.Debug|x86.ActiveCfg = Debug|Win32
		{F218FA5E-D582-4686-B1B4-F93896852C43}.Debug|x86.Build.0 = Debug|Win32
		{F218FA5E-D582-4686-B1B4-F93896852C43}.Release|x64.ActiveCfg = Release|x64
		{F218FA5E-D582-4686-B1B4-F93896852C43}.Release|x64.Build.0 = Release|x64
		{F218FA5E-D582-4686-B1B4-F93896852C43}.Release|x86.ActiveCfg = Release|Win32
		{F218FA5E-D582-4686-B1B4-F93896852C43}.Release|x86.Build.0 = Release|Win32
		{8098EA36-FEB1-4956-86B5-030A67159735}.Debug|x64.ActiveCfg = Debug|x64
		{8098EA36-FEB1-4956-86B5-030A67159735}.Debug|x64.Build.0 = Debug|x64
		{8098EA36-FEB1-4956-86B5-030A67159735}.Debug|x86.ActiveCfg = Debug|Win32
		{8098EA36-FEB1-4956-86B5-030A67159735}.Debug|x86.Build.0 = Debug|Win32
		{8098EA36-FEB1-4956-86B5-030A67159735}.Release|x64.ActiveCfg = Release|x64
		{8098EA36-FEB1-4956-86B5-030A67159735}.Release|x64.Build.0 = Release|x64
		{8098EA36-FEB1-4956-86B5-030A67159735}.Release|x86.ActiveCfg = Release|Win32
		{8098EA36-FEB1-4956-86B5-030A67159735}.Release|x86.Build.0 = Release|Win32
		{20AB2839-D57E-463A-90AD-CB8E6030ED95}.Debug|x64.ActiveCfg = Debug|x64
		{20AB2839-D57E-463A-90AD-CB8E6030ED95}.Debug|x64.Build.0 = Debug|x64
		{20AB2839-D57E-463A-90AD-CB8E6030ED95}.Debug|x86.ActiveCfg = Debug|Win32
		{20AB2839-D57E-463A-90AD-CB8E6030ED95}.Debug|x86.Build.0 = Debug|Win32
		{20AB2839-D57E-463A-90AD-CB8E6030ED95}.Release|x64.ActiveCfg = Release|x64
		{20AB2839-D57E-463A-90AD-CB8E6030ED95}.Release|x64.Build.0 = Release|x64
		{20AB2839-D57E-463A-90AD-CB8E6030ED95}.Release|x86.ActiveCfg = Release|Win32
		{20AB2839-D57E-463A-90AD-CB8E6030ED95}.Release|x86.Build.0 = Release|Win32
		{34BCC4DD-994D-4357-B5B1-8EE9AEEFC19A}.Debug|x64.ActiveCfg = Debug|x64
		{34BCC4DD-994D-4357-B5B1-8EE9AEEFC19A}.Debug|x64.Build.0 = Debug|x64
		{34BCC4DD-994D-4357-B5B1-8EE9AEEFC19A}.Debug|x86.ActiveCfg = Debug|Win32
		{34BCC4DD-994D-4357-B5B1-8EE9AEEFC19A}.Debug|x86.Build.0 = Debug|Win32
		{34BCC4DD-994D-4357-B5B1-8EE9AEEFC19A}.Release|x64.ActiveCfg = Release|x64
		{34BCC4DD-994D-4357-B5B1-8EE9AEEFC19A}.Release|x64.Build.0 = Release|x64
		{34BCC4DD-994D-4357-B5B1-8EE9AEEFC19A}.Release|x86.ActiveCfg = Release|Win32
		{34BCC4DD-994D-4357-B5B1-8EE9AEEFC19A}.Release|x86.Build.0 = Release|Win32
		{E9ED54BA-C34B-4447-8852-4CFD72449C8E}.Debug|x64.ActiveCfg = Debug|x64
		{E9ED54BA-C34B-4447-8852-4CFD72449C8E}.Debug|x64.Build.0 = Debug|x64
		{E9ED54BA-C34B-4447-8852-4CFD72449C8E}.Debug|x86.ActiveCfg = Debug|Win32
		{E9ED54BA-C34B-4447-8852-4CFD72449C8E}.Debug|x86.Build.0 = Debug|Win32
		{E9ED54BA-C34B-4447-8852-4CFD72449C8E}.Release|x64.ActiveCfg = Release|x64
		{E9ED54BA-C34B-4447-8852-4CFD72449C8E}.Release|x64.Build.0 = Release|x64
		{E9ED54BA-C34B-4447-8852-4CFD72449C8E}.Release|x86.ActiveCfg = Release|Win32
		{E9ED54BA-C34B-4447-8852-4CFD72449C8E}.Release|x86.Build.0 = Release|Win32
		{DF4E1D7F-320D-4258-BD36-755B7B0E593C}.Debug|x64.ActiveCfg = Debug|x64
		{DF4E1D7F-320D-4258-BD36-755B7B0E593C}.Debug|x64.Build.0 = Debug|x64
		{DF4E1D7F-320D-4258-BD36-755B7B0E593C}.Debug|x86.ActiveCfg = Debug|Win32
		{DF4E1D7F-320D-4258-BD36-755B7B0E593C}.Debug|x86.Build.0 = Debug|Win32
		{DF4E1D7F-320D-4258-BD36-755B7B0E593C}.Release|x64.ActiveCfg = Release|x64
		{DF4E1D7F-320D-4258-BD36-755B7B0E593C}.Release|x64.Build.0 = Release|x64
		{DF4E1D7F-320D-4258-BD36-755B7B0E593C}.Release|x86.ActiveCfg = Release|Win32
		{DF4E1D7F-320D-4258-BD36-755B7B0E593C}.Release|x86.Build.0 = Release|Win32
		{39AFBCE4-7B5E-429C-9430-33DAD2BCA4C0}.Debug|x64.ActiveCfg = Debug|x64
		{39AFBCE4-7B5E-429C-9430-33DAD2BCA4C0}.Debug|x64.Build.0 = Debug|x64
		{39AFBCE4-7B5E-429C-9430-33DAD2BCA4C0}.Debug|x86.ActiveCfg = Debug|Win32
		{39AFBCE4-7B5E-429C-9430-33DAD2BCA4C0}.Debug|x86.Build.0 = Debug|Win32
		{39AFBCE4-7B5E-429C-9430-33DAD2BCA4C0}.Release|x64.ActiveCfg = Release|x64
		{39AFBCE4-7B5E-429C-9430-33DAD2BCA4C0}.Release|x64.Build.0 = Release|x64
		{39AFBCE4-7B5E-429C-9430-33DAD2BCA4C0}.Release|x86.ActiveCfg = Release|Win32
		{39AFBCE4-7B5E-429C-9430-33DAD2BCA4C0}.Release|x86.Build.0 = Release|Win32
		{24B81C3B-3E6F-49A4-8677-A0083117FB2F}.Debug|x64.ActiveCfg = Debug|x64
		{24B81C3B-3E6F-49A4-8677-A0083117FB2F}.Debug|x64.Build.0 = Debug|x64
		{24B81C3B-3E6F-49A4-8677-A0083117FB2F}.Debug|x86.ActiveCfg = Debug|Win32
		{24B81C3B-3E6F-49A4-8677-A0083117FB2F}.Debug|x86.Build.0 = Debug|Win32
		{24B81C3B-3E6F-49A4-8677-A0083117FB2F}.Release|x64.ActiveCfg = Release|x64
		{24B81C3B-3E6F-49A4-8677-A0083117FB2F}.Release|x64.Build.0 = Release|x64
		{24B81C3B-3E6F-49A4-8677-A0083117FB2F}.Release|x86.ActiveCfg = Release|Win32
		{24B81C3B-3E6F-49A4-8677-A0083117FB2F}.Release|x86.Build.0 = Release|Win32
		{85DB78EA-D3E7-41FB-85FC-3B71D859F160}.Debug|x64.ActiveCfg = Debug|x64
		{85DB78EA-D3E7-41FB-85FC-3B71D859F160}.Debug|x64.Build.0 = Debug|x64
		{85DB78EA-D3E7-41FB-85FC-3B71D859F160}.Debug|x86.ActiveCfg = Debug|Win32
		{85DB78EA-D3E7-41FB-85FC-3B71D859F160}.Debug|x86.Build.0 = Debug|Win32
		{85DB78EA-D3E7-41FB-85FC-3B71D859F160}.Release|x64.ActiveCfg = Release|x64
		{85DB78EA-D3E7-41FB-85FC-3B71D859F160}.Release|x64.Build.0 = Release|x64
		{85DB78EA-D3E7-41FB-85FC-3B71D859F160}.Release|x86.ActiveCfg = Release|Win32
		{85DB78EA-D3E7-41FB-85FC-3B71D859F160}.Release|x86.Build.0 = Release|Win32
		{750BDEC9-CF68-4F76-86A6-78200AA53BD9}.Debug|x64.ActiveCfg = Debug|x64
		{750BDEC9-CF68-4F76-86A6-78200AA53BD9}.Debug|x64.Build.0 = Debug|x64
		{750BDEC9-CF68-4F76-86A6-78200AA53BD9}.Debug|x86.ActiveCfg = Debug|Win32
		{750BDEC9-CF68-4F76-86A6-78200AA53BD9}.Debug|x86.Build.0 = Debug|Win32
		{750BDEC9-CF68-4F76-86A6-78200AA53BD9}.Release|x64.ActiveCfg = Release|x64
		{750BDEC9-CF68-4F76-86A6-78200AA53BD9}.Release|x64.Build.0 = Release|x64
		{750BDEC9-CF68-4F76-86A6-78200AA53BD9}.Release|x86.ActiveCfg = Release|Win32
		{750BDEC9-CF68-4F76-86A6-78200AA53BD9}.Release|x86.Build.0 = Release|Win32
		{75499F64-7F62-422D-8EE6-AC6E4FB0E698}.Debug|x64.ActiveCfg = Debug|x64
		{75499F64-7F62-422D-8EE6-AC6E4FB0E698}.Debug|x64.Build.0 = Debug|x64
		{75499F64-7F62-422D-8EE6-AC6E4FB0E698}.Debug|x86.ActiveCfg = Debug|Win32
		{75499F64-7F62-422D-8EE6-AC6E4FB0E698}.Debug|x86.Build.0 = Debug|Win32
		{75499F64-7F62-422D-8EE6-AC6E4FB0E698}.Release|x64.ActiveCfg = Release|x64
		{75499F64-7F62-422D-8EE6-AC6E4FB0E698}.Release|x64.Build.0 = Release|x64
		{75499F64-7F62-422D-8EE6-AC6E4FB0E698}.Release|x86.ActiveCfg = Release|Win32
		{75499F64-7F62-422D-8EE6-AC6E4FB0E698}.Release|x86.Build.0 = Release|Win32
		{C03D9D7F-4046-4D25-BE88-F9BFE01B8556}.Debug|x64.ActiveCfg = Debug|x64
		{C03D9D7F-4046-4D25-BE88-F9BFE01B8556}.Debug|x64.Build.0 = Debug|x64
		{C03D9D7F-4046-4D25-BE88-F9BFE01B8556}.Debug|x86.ActiveCfg = Debug|Win32
		{C03D9D7F-4046-4D25-BE88-F9BFE01B8556}.Debug|x86.Build.0 = Debug|Win32
		{C03D9D7F-4046-4D25-BE88-F9BFE01B8556}.Release|x64.ActiveCfg = Release|x64
		{C03D9D7F-4046-4D25-BE88-F9BFE01B8556}.Release|x64.Build.0 = Release|x64
		{C03D9D7F-4046-4D25-BE88-F9BFE01B8556}.Release|x86.ActiveCfg = Release|Win32
		{C03D9D7F-4046-4D25-BE88-F9BFE01B8556}.Release|x86.Build.0 = Release|Win32
		{0205D9A4-50AB-40E6-9EC3-98F161261D11}.Debug|x64.ActiveCfg = Debug|x64
		{0205D9A4-50AB-40E6-9EC3-98F161261D11}.Debug|x64.Build.0 = Debug|x64
		{0205D9A4-50AB-40E6-9EC3-98F161261D11}.Debug|x86.ActiveCfg = Debug|Win32
		{0205D9A4-50AB-40E6-9EC3-98F161261D11}.Debug|x86.Build.0 = Debug|Win32
		{0205D9A4-50AB-40E6-9EC3-98F161261D11}.Release|x64.ActiveCfg = Release|x64
		{0205D9A4-50AB-40E6-9EC3-98F161261D11}.Release|x64.Build.0 = Release|x64
		{0205D9A4-50AB-40E6-9EC3-98F161261D11}.Release|x86.ActiveCfg = Release|Win32
		{0205D9A4-50AB-40E6-9EC3-98F161261D11}.Release|x86.Build.0 = Release|Win32
		{B67FB8B5-75FF-46FF-8168-4C7A871ABA66}.Debug|x64.ActiveCfg = Debug|x64
		{B67FB8B5-75FF-46FF-8168-4C7A871ABA66}.Debug|x64.Build.0 = Debug|x64
		{B67FB8B5-75FF-46FF-8168-4C7A871ABA66}.Debug|x86.ActiveCfg = Debug|Win32
		{B67FB8B5-75FF-46FF-8168-4C7A871ABA66}.Debug|x86.Build.0 = Debug|Win32
		{B67FB8B5-75FF-46FF-8168-4C7A871ABA66}.Release|x64.ActiveCfg = Release|x64
		{B67FB8B5-75FF-46FF-8168-4C7A871ABA66}.Release|x64.Build.0 = Release|x64
		{B67FB8B5-75FF-46FF-8168-4C7A871ABA66}.Release|x86.ActiveCfg = Release|Win32
		{B67FB8B5-75FF-46FF-8168-4C7A871ABA66}.Release|x86.Build.0 = Release|Win32
		{C3F1A47C-BF7F-414D-8C1B-52A86E249B3E}.Debug|x64.ActiveCfg = Debug|x64
		{C3F1A47C-BF7F-414D-8C1B-52A86E249B3E}.Debug|x64.Build.0 = Debug|x64
		{C3F1A47C-BF7F-414D-8C1B-52A86E249B3E}.Debug|x86.ActiveCfg = Debug|Win32
		{C3F1A47C-BF7F-414D-8C1B-52A86E249B3E}.Debug|x86.Build.0 = Debug|Win32
		{C3F1A47C-BF7F-414D-8C1B-52A86E249B3E}.Release|x64.ActiveCfg = Release|x64
		{C3F1A47C-BF7F-414D-8C1B-52A86E249B3E}.Release|x64.Build.0 = Release|x64
		{C3F1A47C-BF7F-414D-8C1B-52A86E249B3E}.Release|x86.ActiveCfg = Release|Win32
		{C3F1A47C-BF7F-414D-8C1B-52A86E249B3E}.Release|x86.Build.0 = Release|Win32
		{1F104280-3976-4B29-9FA6-766B5F929CD6}.Debug|x64.ActiveCfg = Debug|x64
		{1F104280-3976-4B29-9FA6-766B5F929CD6}.Debug|x64.Build.0 = Debug|x64
		{1F104280-3976-4B29-9FA6-766B5F929CD6}.Debug|x86.ActiveCfg = Debug|Win32
		{1F104280-3976-4B29-9FA6-766B5F929CD6}.Debug|x86.Build.0 = Debug|Win32
		{1F104280-3976-4B29-9FA6-766B5F929CD6}.Release|x64.ActiveCfg = Release|x64
		{1F104280-3976-4B29-9FA6-766B5F929CD6}.Release|x64.Build.0 = Release|x64
		{1F104280-3976-4B29-9FA6-766B5F929CD6}.Release|x86.ActiveCfg = Release|Win32
		{1F104280-3976-4B29-9FA6-766B5F929CD6}.Release|x86.Build.0 = Release|Win32
		{96311BB0-F330-4CC9-98DB-D368E8356BD3}.Debug|x64.ActiveCfg = Debug|x64
		{96311BB0-F330-4CC9-98DB-D368E8356BD3}.Debug|x64.Build.0 = Debug|x64
		{96311BB0-F330-4CC9-98DB-D368E8356BD3}.Debug|x86.ActiveCfg = Debug|Win32
		{96311BB0-F330-4CC9-98DB-D368E8356BD3}.Debug|x86.Build.0 = Debug|Win32
		{96311BB0-F330-4CC9-98DB-D368E8356BD3}.Release|x64.ActiveCfg = Release|x64
		{96311BB0-F330-4CC9-98DB-D368E8356BD3}.Release|x64.Build.0 = Release|x64
		{96311BB0-F330-4CC9-98DB-D368E8356BD3}.Release|x86.ActiveCfg = Release|Win32
		{96311BB0-F330-4CC9-98DB-D368E8356BD3}.Release|x86.Build.0 = Release|Win32
	EndGlobalSection
	GlobalSection(SolutionProperties) = preSolution
		HideSolutionNode = FALSE
	EndGlobalSection
	GlobalSection(ExtensibilityGlobals) = postSolution
		SolutionGuid = {2C8153AF-328F-4170-87EC-EC19A2B04993}
	EndGlobalSection
EndGlobal
