
Microsoft Visual Studio Solution File, Format Version 12.00
# Visual Studio Version 16
VisualStudioVersion = 16.0.30204.135
MinimumVisualStudioVersion = 10.0.40219.1
Project("{8BC9CEB8-8B4A-11D0-8D11-00A0C91BC942}") = "Excercise1-1", "Excercise1-1\Excercise1-1.vcxproj", "{F13C91DA-7022-4083-B85C-0EDDFE3B73D8}"
EndProject
Project("{8BC9CEB8-8B4A-11D0-8D11-00A0C91BC942}") = "Excercise1-2", "Excercise1-2\Excercise1-2.vcxproj", "{2137247B-B98F-4B3B-AA62-B22F3B78274B}"
EndProject
Global
	GlobalSection(SolutionConfigurationPlatforms) = preSolution
		Debug|x64 = Debug|x64
		Debug|x86 = Debug|x86
		Release|x64 = Release|x64
		Release|x86 = Release|x86
	EndGlobalSection
	GlobalSection(ProjectConfigurationPlatforms) = postSolution
		{F13C91DA-7022-4083-B85C-0EDDFE3B73D8}.Debug|x64.ActiveCfg = Debug|x64
		{F13C91DA-7022-4083-B85C-0EDDFE3B73D8}.Debug|x64.Build.0 = Debug|x64
		{F13C91DA-7022-4083-B85C-0EDDFE3B73D8}.Debug|x86.ActiveCfg = Debug|Win32
		{F13C91DA-7022-4083-B85C-0EDDFE3B73D8}.Debug|x86.Build.0 = Debug|Win32
		{F13C91DA-7022-4083-B85C-0EDDFE3B73D8}.Release|x64.ActiveCfg = Release|x64
		{F13C91DA-7022-4083-B85C-0EDDFE3B73D8}.Release|x64.Build.0 = Release|x64
		{F13C91DA-7022-4083-B85C-0EDDFE3B73D8}.Release|x86.ActiveCfg = Release|Win32
		{F13C91DA-7022-4083-B85C-0EDDFE3B73D8}.Release|x86.Build.0 = Release|Win32
		{2137247B-B98F-4B3B-AA62-B22F3B78274B}.Debug|x64.ActiveCfg = Debug|x64
		{2137247B-B98F-4B3B-AA62-B22F3B78274B}.Debug|x64.Build.0 = Debug|x64
		{2137247B-B98F-4B3B-AA62-B22F3B78274B}.Debug|x86.ActiveCfg = Debug|Win32
		{2137247B-B98F-4B3B-AA62-B22F3B78274B}.Debug|x86.Build.0 = Debug|Win32
		{2137247B-B98F-4B3B-AA62-B22F3B78274B}.Release|x64.ActiveCfg = Release|x64
		{2137247B-B98F-4B3B-AA62-B22F3B78274B}.Release|x64.Build.0 = Release|x64
		{2137247B-B98F-4B3B-AA62-B22F3B78274B}.Release|x86.ActiveCfg = Release|Win32
		{2137247B-B98F-4B3B-AA62-B22F3B78274B}.Release|x86.Build.0 = Release|Win32
	EndGlobalSection
	GlobalSection(SolutionProperties) = preSolution
		HideSolutionNode = FALSE
	EndGlobalSection
	GlobalSection(ExtensibilityGlobals) = postSolution
		SolutionGuid = {2C8153AF-328F-4170-87EC-EC19A2B04993}
	EndGlobalSection
EndGlobal
